
Microsoft Visual Studio Solution File, Format Version 12.00
# Visual Studio Version 17
VisualStudioVersion = 17.11.35431.28
MinimumVisualStudioVersion = 10.0.40219.1
Project("{888888A0-9F3D-457C-B088-3A5042F75D52}") = "2 Red-Nosed Reports", "2 Red-Nosed Reports\2 Red-Nosed Reports.pyproj", "{16E98532-1B6A-4833-9886-70E50689F6BD}"
EndProject
Project("{9A19103F-16F7-4668-BE54-9A1E7A4F7556}") = "1_Historian_Hysteria", "1 Historian Hysteria\src\1_Historian_Hysteria.csproj", "{55349E18-12A0-4290-8935-6BC77BC0CD9C}"
EndProject
Global
	GlobalSection(SolutionConfigurationPlatforms) = preSolution
		Debug|Any CPU = Debug|Any CPU
		Release|Any CPU = Release|Any CPU
	EndGlobalSection
	GlobalSection(ProjectConfigurationPlatforms) = postSolution
		{16E98532-1B6A-4833-9886-70E50689F6BD}.Debug|Any CPU.ActiveCfg = Debug|Any CPU
		{16E98532-1B6A-4833-9886-70E50689F6BD}.Release|Any CPU.ActiveCfg = Release|Any CPU
		{55349E18-12A0-4290-8935-6BC77BC0CD9C}.Debug|Any CPU.ActiveCfg = Debug|Any CPU
		{55349E18-12A0-4290-8935-6BC77BC0CD9C}.Debug|Any CPU.Build.0 = Debug|Any CPU
		{55349E18-12A0-4290-8935-6BC77BC0CD9C}.Release|Any CPU.ActiveCfg = Release|Any CPU
		{55349E18-12A0-4290-8935-6BC77BC0CD9C}.Release|Any CPU.Build.0 = Release|Any CPU
	EndGlobalSection
	GlobalSection(SolutionProperties) = preSolution
		HideSolutionNode = FALSE
	EndGlobalSection
	GlobalSection(ExtensibilityGlobals) = postSolution
		SolutionGuid = {5BA73366-171E-43D0-813A-6C3579FAB8A4}
	EndGlobalSection
EndGlobal
