
Microsoft Visual Studio Solution File, Format Version 12.00
# Visual Studio Version 17
VisualStudioVersion = 17.8.34330.188
MinimumVisualStudioVersion = 10.0.40219.1
Project("{9A19103F-16F7-4668-BE54-9A1E7A4F7556}") = "Tests", "Tests\Tests.csproj", "{A117C394-8D3F-455B-94B5-BC1385CD0A36}"
EndProject
Project("{9A19103F-16F7-4668-BE54-9A1E7A4F7556}") = "1_Historian_Hysteria", "src\1_Historian_Hysteria.csproj", "{1F1DB4AF-69FF-4739-A588-A723BAB82FB1}"
EndProject
Global
	GlobalSection(SolutionConfigurationPlatforms) = preSolution
		Debug|Any CPU = Debug|Any CPU
		Release|Any CPU = Release|Any CPU
	EndGlobalSection
	GlobalSection(ProjectConfigurationPlatforms) = postSolution
		{A117C394-8D3F-455B-94B5-BC1385CD0A36}.Debug|Any CPU.ActiveCfg = Debug|Any CPU
		{A117C394-8D3F-455B-94B5-BC1385CD0A36}.Debug|Any CPU.Build.0 = Debug|Any CPU
		{A117C394-8D3F-455B-94B5-BC1385CD0A36}.Release|Any CPU.ActiveCfg = Release|Any CPU
		{A117C394-8D3F-455B-94B5-BC1385CD0A36}.Release|Any CPU.Build.0 = Release|Any CPU
		{1F1DB4AF-69FF-4739-A588-A723BAB82FB1}.Debug|Any CPU.ActiveCfg = Debug|Any CPU
		{1F1DB4AF-69FF-4739-A588-A723BAB82FB1}.Debug|Any CPU.Build.0 = Debug|Any CPU
		{1F1DB4AF-69FF-4739-A588-A723BAB82FB1}.Release|Any CPU.ActiveCfg = Release|Any CPU
		{1F1DB4AF-69FF-4739-A588-A723BAB82FB1}.Release|Any CPU.Build.0 = Release|Any CPU
	EndGlobalSection
	GlobalSection(SolutionProperties) = preSolution
		HideSolutionNode = FALSE
	EndGlobalSection
	GlobalSection(ExtensibilityGlobals) = postSolution
		SolutionGuid = {ABC3922A-EC89-4C36-AC6E-D43C9D3D9C7C}
	EndGlobalSection
EndGlobal
